{
  "object": {
    "pins": [
      {
        "package": "Awake",
        "repositoryURL": "https://github.com/kpostekk/Awake",
        "state": {
          "branch": "master",
          "revision": "4e3366f6b37b07e77c2d37e348d3eb8e6657caa8",
          "version": null
        }
      },
      {
        "package": "Loaf",
        "repositoryURL": "https://github.com/schmidyy/Loaf",
        "state": {
          "branch": null,
          "revision": "5f78a659666fd1025579ded60960452a4c60eda6",
          "version": "0.7.0"
        }
      }
    ]
  },
  "version": 1
}
